
Microsoft Visual Studio Solution File, Format Version 12.00
# Visual Studio 15
VisualStudioVersion = 15.0.28307.852
MinimumVisualStudioVersion = 10.0.40219.1
Project("{FAE04EC0-301F-11D3-BF4B-00C04F79EFBC}") = "Marcos_Vinicius_DR2_TP3", "Marcos_Vinicius_DR2_TP3\Marcos_Vinicius_DR2_TP3.csproj", "{1A1791F3-D02F-4136-936D-BF50594F7660}"
EndProject
Global
	GlobalSection(SolutionConfigurationPlatforms) = preSolution
		Debug|Any CPU = Debug|Any CPU
		Release|Any CPU = Release|Any CPU
	EndGlobalSection
	GlobalSection(ProjectConfigurationPlatforms) = postSolution
		{1A1791F3-D02F-4136-936D-BF50594F7660}.Debug|Any CPU.ActiveCfg = Debug|Any CPU
		{1A1791F3-D02F-4136-936D-BF50594F7660}.Debug|Any CPU.Build.0 = Debug|Any CPU
		{1A1791F3-D02F-4136-936D-BF50594F7660}.Release|Any CPU.ActiveCfg = Release|Any CPU
		{1A1791F3-D02F-4136-936D-BF50594F7660}.Release|Any CPU.Build.0 = Release|Any CPU
	EndGlobalSection
	GlobalSection(SolutionProperties) = preSolution
		HideSolutionNode = FALSE
	EndGlobalSection
	GlobalSection(ExtensibilityGlobals) = postSolution
		SolutionGuid = {56A94B25-5651-4FE5-9B03-534FCB88DE7D}
	EndGlobalSection
EndGlobal
